
Microsoft Visual Studio Solution File, Format Version 12.00
# Visual Studio Version 16
VisualStudioVersion = 16.0.32126.315
MinimumVisualStudioVersion = 10.0.40219.1
Project("{FAE04EC0-301F-11D3-BF4B-00C04F79EFBC}") = "PGDAC2021b", "PGDAC2021b\PGDAC2021b.csproj", "{44C78DCD-CCDA-4E6A-9726-E431A506BE47}"
EndProject
Global
	GlobalSection(SolutionConfigurationPlatforms) = preSolution
		Debug|Any CPU = Debug|Any CPU
		Release|Any CPU = Release|Any CPU
	EndGlobalSection
	GlobalSection(ProjectConfigurationPlatforms) = postSolution
		{44C78DCD-CCDA-4E6A-9726-E431A506BE47}.Debug|Any CPU.ActiveCfg = Debug|Any CPU
		{44C78DCD-CCDA-4E6A-9726-E431A506BE47}.Debug|Any CPU.Build.0 = Debug|Any CPU
		{44C78DCD-CCDA-4E6A-9726-E431A506BE47}.Release|Any CPU.ActiveCfg = Release|Any CPU
		{44C78DCD-CCDA-4E6A-9726-E431A506BE47}.Release|Any CPU.Build.0 = Release|Any CPU
	EndGlobalSection
	GlobalSection(SolutionProperties) = preSolution
		HideSolutionNode = FALSE
	EndGlobalSection
	GlobalSection(ExtensibilityGlobals) = postSolution
		SolutionGuid = {07B341E3-8C02-45C7-A1B9-0080A6FC8C08}
	EndGlobalSection
EndGlobal
